
Microsoft Visual Studio Solution File, Format Version 12.00
# Visual Studio Version 17
VisualStudioVersion = 17.9.34728.123
MinimumVisualStudioVersion = 10.0.40219.1
Project("{FAE04EC0-301F-11D3-BF4B-00C04F79EFBC}") = "EstanteDezLivros", "EstanteDezLivros\EstanteDezLivros.csproj", "{1B160BB9-9BBF-4432-99AE-8C07F9DB24C3}"
EndProject
Global
	GlobalSection(SolutionConfigurationPlatforms) = preSolution
		Debug|Any CPU = Debug|Any CPU
		Release|Any CPU = Release|Any CPU
	EndGlobalSection
	GlobalSection(ProjectConfigurationPlatforms) = postSolution
		{1B160BB9-9BBF-4432-99AE-8C07F9DB24C3}.Debug|Any CPU.ActiveCfg = Debug|Any CPU
		{1B160BB9-9BBF-4432-99AE-8C07F9DB24C3}.Debug|Any CPU.Build.0 = Debug|Any CPU
		{1B160BB9-9BBF-4432-99AE-8C07F9DB24C3}.Release|Any CPU.ActiveCfg = Release|Any CPU
		{1B160BB9-9BBF-4432-99AE-8C07F9DB24C3}.Release|Any CPU.Build.0 = Release|Any CPU
	EndGlobalSection
	GlobalSection(SolutionProperties) = preSolution
		HideSolutionNode = FALSE
	EndGlobalSection
	GlobalSection(ExtensibilityGlobals) = postSolution
		SolutionGuid = {95AB76A4-3DA9-4C67-B33F-972A2A5F23B3}
	EndGlobalSection
EndGlobal
